Microsoft Visual Studio Solution File, Format Version 12.00
# Visual Studio Version 17
VisualStudioVersion = 17.4.33213.308
MinimumVisualStudioVersion = 10.0.40219.1
Project("{9A19103F-16F7-4668-BE54-9A1E7A4F7556}") = "Godot.Common.Extensions", "Godot.Common.Extensions\Godot.Common.Extensions.csproj", "{5D2C0E8B-1D22-4ED4-A339-B89F64D165C2}"
EndProject
Global
	GlobalSection(SolutionConfigurationPlatforms) = preSolution
		Debug|Any CPU = Debug|Any CPU
		ExportDebug|Any CPU = ExportDebug|Any CPU
		ExportRelease|Any CPU = ExportRelease|Any CPU
	EndGlobalSection
	GlobalSection(ProjectConfigurationPlatforms) = postSolution
		{5D2C0E8B-1D22-4ED4-A339-B89F64D165C2}.Debug|Any CPU.ActiveCfg = Debug|Any CPU
		{5D2C0E8B-1D22-4ED4-A339-B89F64D165C2}.Debug|Any CPU.Build.0 = Debug|Any CPU
		{5D2C0E8B-1D22-4ED4-A339-B89F64D165C2}.ExportDebug|Any CPU.ActiveCfg = ExportDebug|Any CPU
		{5D2C0E8B-1D22-4ED4-A339-B89F64D165C2}.ExportDebug|Any CPU.Build.0 = ExportDebug|Any CPU
		{5D2C0E8B-1D22-4ED4-A339-B89F64D165C2}.ExportRelease|Any CPU.ActiveCfg = ExportRelease|Any CPU
		{5D2C0E8B-1D22-4ED4-A339-B89F64D165C2}.ExportRelease|Any CPU.Build.0 = ExportRelease|Any CPU
	EndGlobalSection
	GlobalSection(SolutionProperties) = preSolution
		HideSolutionNode = FALSE
	EndGlobalSection
	GlobalSection(ExtensibilityGlobals) = postSolution
		SolutionGuid = {3D9620A5-C4FE-4141-8ACF-BE6628185E21}
	EndGlobalSection
EndGlobal
